
Microsoft Visual Studio Solution File, Format Version 12.00
# Visual Studio Version 17
VisualStudioVersion = 17.8.34525.116
MinimumVisualStudioVersion = 10.0.40219.1
Project("{9A19103F-16F7-4668-BE54-9A1E7A4F7556}") = "Domain", "Domain\Domain.csproj", "{8D728207-BA1F-4ABE-ACAA-5D2DD54788A3}"
EndProject
Project("{9A19103F-16F7-4668-BE54-9A1E7A4F7556}") = "Application", "Application\Application.csproj", "{BAA63C52-F147-4AED-81D9-19ABEA65A7E2}"
EndProject
Project("{9A19103F-16F7-4668-BE54-9A1E7A4F7556}") = "Infrastructure", "Infrastructure\Infrastructure.csproj", "{593F7C55-29C8-4BEF-A8C5-914BA1FDA21E}"
EndProject
Project("{9A19103F-16F7-4668-BE54-9A1E7A4F7556}") = "Web", "Web\Web.csproj", "{534B8289-AF5D-4B4C-B03C-0158A539104C}"
EndProject
Global
	GlobalSection(SolutionConfigurationPlatforms) = preSolution
		Debug|Any CPU = Debug|Any CPU
		Release|Any CPU = Release|Any CPU
	EndGlobalSection
	GlobalSection(ProjectConfigurationPlatforms) = postSolution
		{8D728207-BA1F-4ABE-ACAA-5D2DD54788A3}.Debug|Any CPU.ActiveCfg = Debug|Any CPU
		{8D728207-BA1F-4ABE-ACAA-5D2DD54788A3}.Debug|Any CPU.Build.0 = Debug|Any CPU
		{8D728207-BA1F-4ABE-ACAA-5D2DD54788A3}.Release|Any CPU.ActiveCfg = Release|Any CPU
		{8D728207-BA1F-4ABE-ACAA-5D2DD54788A3}.Release|Any CPU.Build.0 = Release|Any CPU
		{BAA63C52-F147-4AED-81D9-19ABEA65A7E2}.Debug|Any CPU.ActiveCfg = Debug|Any CPU
		{BAA63C52-F147-4AED-81D9-19ABEA65A7E2}.Debug|Any CPU.Build.0 = Debug|Any CPU
		{BAA63C52-F147-4AED-81D9-19ABEA65A7E2}.Release|Any CPU.ActiveCfg = Release|Any CPU
		{BAA63C52-F147-4AED-81D9-19ABEA65A7E2}.Release|Any CPU.Build.0 = Release|Any CPU
		{593F7C55-29C8-4BEF-A8C5-914BA1FDA21E}.Debug|Any CPU.ActiveCfg = Debug|Any CPU
		{593F7C55-29C8-4BEF-A8C5-914BA1FDA21E}.Debug|Any CPU.Build.0 = Debug|Any CPU
		{593F7C55-29C8-4BEF-A8C5-914BA1FDA21E}.Release|Any CPU.ActiveCfg = Release|Any CPU
		{593F7C55-29C8-4BEF-A8C5-914BA1FDA21E}.Release|Any CPU.Build.0 = Release|Any CPU
		{534B8289-AF5D-4B4C-B03C-0158A539104C}.Debug|Any CPU.ActiveCfg = Debug|Any CPU
		{534B8289-AF5D-4B4C-B03C-0158A539104C}.Debug|Any CPU.Build.0 = Debug|Any CPU
		{534B8289-AF5D-4B4C-B03C-0158A539104C}.Release|Any CPU.ActiveCfg = Release|Any CPU
		{534B8289-AF5D-4B4C-B03C-0158A539104C}.Release|Any CPU.Build.0 = Release|Any CPU
	EndGlobalSection
	GlobalSection(SolutionProperties) = preSolution
		HideSolutionNode = FALSE
	EndGlobalSection
	GlobalSection(ExtensibilityGlobals) = postSolution
		SolutionGuid = {4F80A86D-52FD-4A27-8155-F660BECFD552}
	EndGlobalSection
EndGlobal
